
Microsoft Visual Studio Solution File, Format Version 12.00
# Visual Studio 14
VisualStudioVersion = 14.0.25420.1
MinimumVisualStudioVersion = 10.0.40219.1
Project("{FAE04EC0-301F-11D3-BF4B-00C04F79EFBC}") = "Kraken", "Kraken\Kraken.csproj", "{4AA9FDFE-7293-4B1B-AA8E-1167A1F2F4E7}"
EndProject
Project("{FAE04EC0-301F-11D3-BF4B-00C04F79EFBC}") = "KrakenClient", "..\krakenapi\KrakenClient\KrakenClient.csproj", "{6FD7A9D6-CE6D-4B57-BEBB-FAAF2490811E}"
EndProject
Project("{FAE04EC0-301F-11D3-BF4B-00C04F79EFBC}") = "KrakenClientConsole", "..\krakenapi\KrakenClientConsole\KrakenClientConsole.csproj", "{5BFC8B6E-B37A-4F9C-8DF6-92920DD52295}"
EndProject
Global
	GlobalSection(SolutionConfigurationPlatforms) = preSolution
		Debug|Any CPU = Debug|Any CPU
		Release|Any CPU = Release|Any CPU
	EndGlobalSection
	GlobalSection(ProjectConfigurationPlatforms) = postSolution
		{4AA9FDFE-7293-4B1B-AA8E-1167A1F2F4E7}.Debug|Any CPU.ActiveCfg = Debug|Any CPU
		{4AA9FDFE-7293-4B1B-AA8E-1167A1F2F4E7}.Debug|Any CPU.Build.0 = Debug|Any CPU
		{4AA9FDFE-7293-4B1B-AA8E-1167A1F2F4E7}.Release|Any CPU.ActiveCfg = Release|Any CPU
		{4AA9FDFE-7293-4B1B-AA8E-1167A1F2F4E7}.Release|Any CPU.Build.0 = Release|Any CPU
		{6FD7A9D6-CE6D-4B57-BEBB-FAAF2490811E}.Debug|Any CPU.ActiveCfg = Debug|Any CPU
		{6FD7A9D6-CE6D-4B57-BEBB-FAAF2490811E}.Debug|Any CPU.Build.0 = Debug|Any CPU
		{6FD7A9D6-CE6D-4B57-BEBB-FAAF2490811E}.Release|Any CPU.ActiveCfg = Release|Any CPU
		{6FD7A9D6-CE6D-4B57-BEBB-FAAF2490811E}.Release|Any CPU.Build.0 = Release|Any CPU
		{5BFC8B6E-B37A-4F9C-8DF6-92920DD52295}.Debug|Any CPU.ActiveCfg = Debug|Any CPU
		{5BFC8B6E-B37A-4F9C-8DF6-92920DD52295}.Debug|Any CPU.Build.0 = Debug|Any CPU
		{5BFC8B6E-B37A-4F9C-8DF6-92920DD52295}.Release|Any CPU.ActiveCfg = Release|Any CPU
		{5BFC8B6E-B37A-4F9C-8DF6-92920DD52295}.Release|Any CPU.Build.0 = Release|Any CPU
	EndGlobalSection
	GlobalSection(SolutionProperties) = preSolution
		HideSolutionNode = FALSE
	EndGlobalSection
EndGlobal
